{
  "version": 4,
  "terraform_version": "1.13.3",
  "serial": 62,
  "lineage": "22c9ff22-e4fb-5b23-6bfa-0954f812cdbc",
  "outputs": {
    "cluster_ca_certificate": {
      "value": "LS0tLS1CRUdJTiBDRVJUSUZJQ0FURS0tLS0tCk1JSURCVENDQWUyZ0F3SUJBZ0lJSEdGOTZhSlY5UE13RFFZSktvWklodmNOQVFFTEJRQXdGVEVUTUJFR0ExVUUKQXhNS2EzVmlaWEp1WlhSbGN6QWVGdzB5TlRFd01USXdPVEV5TURGYUZ3MHpOVEV3TVRBd09URTNNREZhTUJVeApFekFSQmdOVkJBTVRDbXQxWW1WeWJtVjBaWE13Z2dFaU1BMEdDU3FHU0liM0RRRUJBUVVBQTRJQkR3QXdnZ0VLCkFvSUJBUUN5T0ZUQzNvcndCZlNlTWlBVFZ6VVNTclAveVFQanFadDZXMXFOcUFRNllacGwvdlBpSXZWR1BFUkUKd3lOTVJ2MUF6cWZCUlJ4clh4Q3RyMWJLWTQ1QnpDNWEzaGdJYjNMY1Foc0M4UE1NWXFsNStjazlYNjFDR2ZXMgphcVZXMHp6ZDQxY2hzdWlzNm5SK0t6T25IUGJJUk1IQnVyaE5vRVJxcVVLaUZPalVHYUcrTjB0SnFxZVpXYm54Cmx6MXVmZUc5bnd1UFhXRE1Hc3VSTnRNR1Y3YWdOQVlOa0NJNXpmZGhIUG9PZTJ2YVBQSzFsM1c5THc1OHF1Uk8KTUhvU2ZTaWZ4OGxnSXVuOXBEOXE2NEx5RTA1c0hTYVYwY0wrTTFibVZ0WkFkUk9UdzZnbDJLTEhadmhFd2RXWAplOHowMjJVeUtnTUhMMVFrcGFMZDBzdnJYd3hKQWdNQkFBR2pXVEJYTUE0R0ExVWREd0VCL3dRRUF3SUNwREFQCkJnTlZIUk1CQWY4RUJUQURBUUgvTUIwR0ExVWREZ1FXQkJTL3dSV1lFMi9GN0tZSDhqNngzYXFtSGU0SE16QVYKQmdOVkhSRUVEakFNZ2dwcmRXSmxjbTVsZEdWek1BMEdDU3FHU0liM0RRRUJDd1VBQTRJQkFRQno3enFGTnJyYQpJUmxjdDdvQ2Y1bzM5dVpXYTNNZ3Nyb0R2STNCZTZLUnFPTG8rRkdhRmlSeEZBc3E0aGdsc0d3Z3AwSEFZNHVVCnlUa2RQV014SFMzOXdDT1RzbWl1KzMxbVlFMEgxS3VGazRlMktPZUVvY0lhbnc5VFIwS1dMMzAxbzJWYWNWWU4KRjF5NUVmazlkK2VVUzM0RWJ1bjBiRUFlZmwrLzVUQmJSTkF2blNRWENSbmxnbkhIYm0xejBkaGpnU1FzTm54TQovRHhadTRwV3htaXFpYy9LNlRub2hHYi84VUR0OHNxbGpYNGRjM2hxOU04Q0NkbmY3TnVub0pzYy9PejFxcHl0CldjUndtb05ycFdPOVd6b05uWEN0M2ZYc2haKzVpWWNWTDdZbUdMUXNOY2N6QmZYQklUZnJ1c3NCZGJ3ajZNbG0KUDVabkd5V3NFWUNkCi0tLS0tRU5EIENFUlRJRklDQVRFLS0tLS0K",
      "type": "string"
    },
    "cluster_endpoint": {
      "value": "https://FA8AAF7B3D919BBE941137AEA7E45160.gr7.eu-north-1.eks.amazonaws.com",
      "type": "string"
    },
    "cluster_name": {
      "value": "tf-eks-cluster",
      "type": "string"
    },
    "kubeconfig_command": {
      "value": "aws eks update-kubeconfig --name tf-eks-cluster --region eu-north-1",
      "type": "string"
    },
    "node_group_arn": {
      "value": "arn:aws:eks:eu-north-1:212764686699:nodegroup/tf-eks-cluster/tf-eks-ng/92ccec1f-973a-7e07-fbfb-3ddf7ec97974",
      "type": "string"
    }
  },
  "resources": [
    {
      "mode": "data",
      "type": "aws_availability_zones",
      "name": "available",
      "provider": "provider[\"registry.terraform.io/hashicorp/aws\"]",
      "instances": [
        {
          "schema_version": 0,
          "attributes": {
            "all_availability_zones": null,
            "exclude_names": null,
            "exclude_zone_ids": null,
            "filter": null,
            "group_names": [
              "eu-north-1-zg-1"
            ],
            "id": "eu-north-1",
            "names": [
              "eu-north-1a",
              "eu-north-1b",
              "eu-north-1c"
            ],
            "region": "eu-north-1",
            "state": null,
            "timeouts": null,
            "zone_ids": [
              "eun1-az1",
              "eun1-az2",
              "eun1-az3"
            ]
          },
          "sensitive_attributes": [],
          "identity_schema_version": 0
        }
      ]
    },
    {
      "mode": "data",
      "type": "aws_eks_cluster",
      "name": "eks",
      "provider": "provider[\"registry.terraform.io/hashicorp/aws\"]",
      "instances": [
        {
          "schema_version": 0,
          "attributes": {
            "access_config": [
              {
                "authentication_mode": "CONFIG_MAP",
                "bootstrap_cluster_creator_admin_permissions": true
              }
            ],
            "arn": "arn:aws:eks:eu-north-1:212764686699:cluster/tf-eks-cluster",
            "certificate_authority": [
              {
                "data": "LS0tLS1CRUdJTiBDRVJUSUZJQ0FURS0tLS0tCk1JSURCVENDQWUyZ0F3SUJBZ0lJSEdGOTZhSlY5UE13RFFZSktvWklodmNOQVFFTEJRQXdGVEVUTUJFR0ExVUUKQXhNS2EzVmlaWEp1WlhSbGN6QWVGdzB5TlRFd01USXdPVEV5TURGYUZ3MHpOVEV3TVRBd09URTNNREZhTUJVeApFekFSQmdOVkJBTVRDbXQxWW1WeWJtVjBaWE13Z2dFaU1BMEdDU3FHU0liM0RRRUJBUVVBQTRJQkR3QXdnZ0VLCkFvSUJBUUN5T0ZUQzNvcndCZlNlTWlBVFZ6VVNTclAveVFQanFadDZXMXFOcUFRNllacGwvdlBpSXZWR1BFUkUKd3lOTVJ2MUF6cWZCUlJ4clh4Q3RyMWJLWTQ1QnpDNWEzaGdJYjNMY1Foc0M4UE1NWXFsNStjazlYNjFDR2ZXMgphcVZXMHp6ZDQxY2hzdWlzNm5SK0t6T25IUGJJUk1IQnVyaE5vRVJxcVVLaUZPalVHYUcrTjB0SnFxZVpXYm54Cmx6MXVmZUc5bnd1UFhXRE1Hc3VSTnRNR1Y3YWdOQVlOa0NJNXpmZGhIUG9PZTJ2YVBQSzFsM1c5THc1OHF1Uk8KTUhvU2ZTaWZ4OGxnSXVuOXBEOXE2NEx5RTA1c0hTYVYwY0wrTTFibVZ0WkFkUk9UdzZnbDJLTEhadmhFd2RXWAplOHowMjJVeUtnTUhMMVFrcGFMZDBzdnJYd3hKQWdNQkFBR2pXVEJYTUE0R0ExVWREd0VCL3dRRUF3SUNwREFQCkJnTlZIUk1CQWY4RUJUQURBUUgvTUIwR0ExVWREZ1FXQkJTL3dSV1lFMi9GN0tZSDhqNngzYXFtSGU0SE16QVYKQmdOVkhSRUVEakFNZ2dwcmRXSmxjbTVsZEdWek1BMEdDU3FHU0liM0RRRUJDd1VBQTRJQkFRQno3enFGTnJyYQpJUmxjdDdvQ2Y1bzM5dVpXYTNNZ3Nyb0R2STNCZTZLUnFPTG8rRkdhRmlSeEZBc3E0aGdsc0d3Z3AwSEFZNHVVCnlUa2RQV014SFMzOXdDT1RzbWl1KzMxbVlFMEgxS3VGazRlMktPZUVvY0lhbnc5VFIwS1dMMzAxbzJWYWNWWU4KRjF5NUVmazlkK2VVUzM0RWJ1bjBiRUFlZmwrLzVUQmJSTkF2blNRWENSbmxnbkhIYm0xejBkaGpnU1FzTm54TQovRHhadTRwV3htaXFpYy9LNlRub2hHYi84VUR0OHNxbGpYNGRjM2hxOU04Q0NkbmY3TnVub0pzYy9PejFxcHl0CldjUndtb05ycFdPOVd6b05uWEN0M2ZYc2haKzVpWWNWTDdZbUdMUXNOY2N6QmZYQklUZnJ1c3NCZGJ3ajZNbG0KUDVabkd5V3NFWUNkCi0tLS0tRU5EIENFUlRJRklDQVRFLS0tLS0K"
              }
            ],
            "cluster_id": null,
            "compute_config": [
              {
                "enabled": false,
                "node_pools": [],
                "node_role_arn": ""
              }
            ],
            "created_at": "2025-10-12T09:11:02Z",
            "deletion_protection": false,
            "enabled_cluster_log_types": [
              "api",
              "audit",
              "authenticator",
              "controllerManager",
              "scheduler"
            ],
            "endpoint": "https://FA8AAF7B3D919BBE941137AEA7E45160.gr7.eu-north-1.eks.amazonaws.com",
            "id": "tf-eks-cluster",
            "identity": [
              {
                "oidc": [
                  {
                    "issuer": "https://oidc.eks.eu-north-1.amazonaws.com/id/FA8AAF7B3D919BBE941137AEA7E45160"
                  }
                ]
              }
            ],
            "kubernetes_network_config": [
              {
                "elastic_load_balancing": [
                  {
                    "enabled": false
                  }
                ],
                "ip_family": "ipv4",
                "service_ipv4_cidr": "172.20.0.0/16",
                "service_ipv6_cidr": ""
              }
            ],
            "name": "tf-eks-cluster",
            "outpost_config": [],
            "platform_version": "eks.18",
            "region": "eu-north-1",
            "remote_network_config": [],
            "role_arn": "arn:aws:iam::212764686699:role/tf-eks-cluster-cluster-role",
            "status": "ACTIVE",
            "storage_config": [
              {
                "block_storage": [
                  {
                    "enabled": false
                  }
                ]
              }
            ],
            "tags": {
              "Name": "tf-eks-cluster"
            },
            "upgrade_policy": [
              {
                "support_type": "EXTENDED"
              }
            ],
            "version": "1.33",
            "vpc_config": [
              {
                "cluster_security_group_id": "sg-0e9c54fa4577186fa",
                "endpoint_private_access": false,
                "endpoint_public_access": true,
                "public_access_cidrs": [
                  "0.0.0.0/0"
                ],
                "security_group_ids": [
                  "sg-09fc10c05280cefa5"
                ],
                "subnet_ids": [
                  "subnet-003260b10d439d851",
                  "subnet-05d7283d5fb0833b4",
                  "subnet-0ab1538dc5a683f4b",
                  "subnet-0d03d526fb7617c5d"
                ],
                "vpc_id": "vpc-05e0b19a1449a3855"
              }
            ],
            "zonal_shift_config": []
          },
          "sensitive_attributes": [],
          "identity_schema_version": 0
        }
      ]
    },
    {
      "mode": "data",
      "type": "aws_eks_cluster_auth",
      "name": "eks",
      "provider": "provider[\"registry.terraform.io/hashicorp/aws\"]",
      "instances": [
        {
          "schema_version": 0,
          "attributes": {
            "id": "tf-eks-cluster",
            "name": "tf-eks-cluster",
            "region": "eu-north-1",
            "token": "k8s-aws-v1.aHR0cHM6Ly9zdHMuZXUtbm9ydGgtMS5hbWF6b25hd3MuY29tLz9BY3Rpb249R2V0Q2FsbGVySWRlbnRpdHkmVmVyc2lvbj0yMDExLTA2LTE1JlgtQW16LUFsZ29yaXRobT1BV1M0LUhNQUMtU0hBMjU2JlgtQW16LUNyZWRlbnRpYWw9QUtJQVREQ09EUEZWUUFMUUJPSFIlMkYyMDI1MTAxMiUyRmV1LW5vcnRoLTElMkZzdHMlMkZhd3M0X3JlcXVlc3QmWC1BbXotRGF0ZT0yMDI1MTAxMlQxMjMyNTVaJlgtQW16LUV4cGlyZXM9MCZYLUFtei1TaWduZWRIZWFkZXJzPWhvc3QlM0J4LWs4cy1hd3MtaWQmWC1BbXotU2lnbmF0dXJlPTU5YjY2MGExYWQ1NTNhOThlZmZiMTQ5MmVhZDUzYmUzYmQ1MWJkZjNiMjA4NGVhZDQ2YmVjOWVhOTBlNWI1ZGI"
          },
          "sensitive_attributes": [
            [
              {
                "type": "get_attr",
                "value": "token"
              }
            ]
          ],
          "identity_schema_version": 0
        }
      ]
    },
    {
      "mode": "managed",
      "type": "aws_eks_cluster",
      "name": "eks",
      "provider": "provider[\"registry.terraform.io/hashicorp/aws\"]",
      "instances": [
        {
          "schema_version": 1,
          "attributes": {
            "access_config": [
              {
                "authentication_mode": "CONFIG_MAP",
                "bootstrap_cluster_creator_admin_permissions": true
              }
            ],
            "arn": "arn:aws:eks:eu-north-1:212764686699:cluster/tf-eks-cluster",
            "bootstrap_self_managed_addons": true,
            "certificate_authority": [
              {
                "data": "LS0tLS1CRUdJTiBDRVJUSUZJQ0FURS0tLS0tCk1JSURCVENDQWUyZ0F3SUJBZ0lJSEdGOTZhSlY5UE13RFFZSktvWklodmNOQVFFTEJRQXdGVEVUTUJFR0ExVUUKQXhNS2EzVmlaWEp1WlhSbGN6QWVGdzB5TlRFd01USXdPVEV5TURGYUZ3MHpOVEV3TVRBd09URTNNREZhTUJVeApFekFSQmdOVkJBTVRDbXQxWW1WeWJtVjBaWE13Z2dFaU1BMEdDU3FHU0liM0RRRUJBUVVBQTRJQkR3QXdnZ0VLCkFvSUJBUUN5T0ZUQzNvcndCZlNlTWlBVFZ6VVNTclAveVFQanFadDZXMXFOcUFRNllacGwvdlBpSXZWR1BFUkUKd3lOTVJ2MUF6cWZCUlJ4clh4Q3RyMWJLWTQ1QnpDNWEzaGdJYjNMY1Foc0M4UE1NWXFsNStjazlYNjFDR2ZXMgphcVZXMHp6ZDQxY2hzdWlzNm5SK0t6T25IUGJJUk1IQnVyaE5vRVJxcVVLaUZPalVHYUcrTjB0SnFxZVpXYm54Cmx6MXVmZUc5bnd1UFhXRE1Hc3VSTnRNR1Y3YWdOQVlOa0NJNXpmZGhIUG9PZTJ2YVBQSzFsM1c5THc1OHF1Uk8KTUhvU2ZTaWZ4OGxnSXVuOXBEOXE2NEx5RTA1c0hTYVYwY0wrTTFibVZ0WkFkUk9UdzZnbDJLTEhadmhFd2RXWAplOHowMjJVeUtnTUhMMVFrcGFMZDBzdnJYd3hKQWdNQkFBR2pXVEJYTUE0R0ExVWREd0VCL3dRRUF3SUNwREFQCkJnTlZIUk1CQWY4RUJUQURBUUgvTUIwR0ExVWREZ1FXQkJTL3dSV1lFMi9GN0tZSDhqNngzYXFtSGU0SE16QVYKQmdOVkhSRUVEakFNZ2dwcmRXSmxjbTVsZEdWek1BMEdDU3FHU0liM0RRRUJDd1VBQTRJQkFRQno3enFGTnJyYQpJUmxjdDdvQ2Y1bzM5dVpXYTNNZ3Nyb0R2STNCZTZLUnFPTG8rRkdhRmlSeEZBc3E0aGdsc0d3Z3AwSEFZNHVVCnlUa2RQV014SFMzOXdDT1RzbWl1KzMxbVlFMEgxS3VGazRlMktPZUVvY0lhbnc5VFIwS1dMMzAxbzJWYWNWWU4KRjF5NUVmazlkK2VVUzM0RWJ1bjBiRUFlZmwrLzVUQmJSTkF2blNRWENSbmxnbkhIYm0xejBkaGpnU1FzTm54TQovRHhadTRwV3htaXFpYy9LNlRub2hHYi84VUR0OHNxbGpYNGRjM2hxOU04Q0NkbmY3TnVub0pzYy9PejFxcHl0CldjUndtb05ycFdPOVd6b05uWEN0M2ZYc2haKzVpWWNWTDdZbUdMUXNOY2N6QmZYQklUZnJ1c3NCZGJ3ajZNbG0KUDVabkd5V3NFWUNkCi0tLS0tRU5EIENFUlRJRklDQVRFLS0tLS0K"
              }
            ],
            "cluster_id": null,
            "compute_config": [
              {
                "enabled": false,
                "node_pools": [],
                "node_role_arn": ""
              }
            ],
            "created_at": "2025-10-12T09:11:02Z",
            "deletion_protection": false,
            "enabled_cluster_log_types": [
              "api",
              "audit",
              "authenticator",
              "controllerManager",
              "scheduler"
            ],
            "encryption_config": [],
            "endpoint": "https://FA8AAF7B3D919BBE941137AEA7E45160.gr7.eu-north-1.eks.amazonaws.com",
            "force_update_version": null,
            "id": "tf-eks-cluster",
            "identity": [
              {
                "oidc": [
                  {
                    "issuer": "https://oidc.eks.eu-north-1.amazonaws.com/id/FA8AAF7B3D919BBE941137AEA7E45160"
                  }
                ]
              }
            ],
            "kubernetes_network_config": [
              {
                "elastic_load_balancing": [
                  {
                    "enabled": false
                  }
                ],
                "ip_family": "ipv4",
                "service_ipv4_cidr": "172.20.0.0/16",
                "service_ipv6_cidr": ""
              }
            ],
            "name": "tf-eks-cluster",
            "outpost_config": [],
            "platform_version": "eks.18",
            "region": "eu-north-1",
            "remote_network_config": [],
            "role_arn": "arn:aws:iam::212764686699:role/tf-eks-cluster-cluster-role",
            "status": "ACTIVE",
            "storage_config": [
              {
                "block_storage": [
                  {
                    "enabled": false
                  }
                ]
              }
            ],
            "tags": {
              "Name": "tf-eks-cluster"
            },
            "tags_all": {
              "Name": "tf-eks-cluster"
            },
            "timeouts": null,
            "upgrade_policy": [
              {
                "support_type": "EXTENDED"
              }
            ],
            "version": "1.33",
            "vpc_config": [
              {
                "cluster_security_group_id": "sg-0e9c54fa4577186fa",
                "endpoint_private_access": false,
                "endpoint_public_access": true,
                "public_access_cidrs": [
                  "0.0.0.0/0"
                ],
                "security_group_ids": [
                  "sg-09fc10c05280cefa5"
                ],
                "subnet_ids": [
                  "subnet-003260b10d439d851",
                  "subnet-05d7283d5fb0833b4",
                  "subnet-0ab1538dc5a683f4b",
                  "subnet-0d03d526fb7617c5d"
                ],
                "vpc_id": "vpc-05e0b19a1449a3855"
              }
            ],
            "zonal_shift_config": []
          },
          "sensitive_attributes": [],
          "identity_schema_version": 0,
          "private": "eyJlMmJmYjczMC1lY2FhLTExZTYtOGY4OC0zNDM2M2JjN2M0YzAiOnsiY3JlYXRlIjoxODAwMDAwMDAwMDAwLCJkZWxldGUiOjkwMDAwMDAwMDAwMCwidXBkYXRlIjozNjAwMDAwMDAwMDAwfSwic2NoZW1hX3ZlcnNpb24iOiIxIn0=",
          "dependencies": [
            "aws_iam_role.eks_cluster",
            "aws_security_group.eks_nodes",
            "aws_subnet.private",
            "aws_subnet.public",
            "aws_vpc.this",
            "data.aws_availability_zones.available"
          ]
        }
      ]
    },
    {
      "mode": "managed",
      "type": "aws_eks_node_group",
      "name": "default",
      "provider": "provider[\"registry.terraform.io/hashicorp/aws\"]",
      "instances": [
        {
          "schema_version": 0,
          "attributes": {
            "ami_type": "AL2023_x86_64_STANDARD",
            "arn": "arn:aws:eks:eu-north-1:212764686699:nodegroup/tf-eks-cluster/tf-eks-ng/92ccec1f-973a-7e07-fbfb-3ddf7ec97974",
            "capacity_type": "ON_DEMAND",
            "cluster_name": "tf-eks-cluster",
            "disk_size": 20,
            "force_update_version": null,
            "id": "tf-eks-cluster:tf-eks-ng",
            "instance_types": [
              "t3.micro"
            ],
            "labels": {},
            "launch_template": [],
            "node_group_name": "tf-eks-ng",
            "node_group_name_prefix": "",
            "node_repair_config": [],
            "node_role_arn": "arn:aws:iam::212764686699:role/tf-eks-cluster-nodegroup-role",
            "region": "eu-north-1",
            "release_version": "1.33.5-20251007",
            "remote_access": [],
            "resources": [
              {
                "autoscaling_groups": [
                  {
                    "name": "eks-tf-eks-ng-92ccec1f-973a-7e07-fbfb-3ddf7ec97974"
                  }
                ],
                "remote_access_security_group_id": ""
              }
            ],
            "scaling_config": [
              {
                "desired_size": 2,
                "max_size": 3,
                "min_size": 1
              }
            ],
            "status": "ACTIVE",
            "subnet_ids": [
              "subnet-003260b10d439d851",
              "subnet-0ab1538dc5a683f4b"
            ],
            "tags": {
              "Name": "tf-eks-cluster-nodegroup"
            },
            "tags_all": {
              "Name": "tf-eks-cluster-nodegroup"
            },
            "taint": [],
            "timeouts": null,
            "update_config": [
              {
                "max_unavailable": 1,
                "max_unavailable_percentage": 0
              }
            ],
            "version": "1.33"
          },
          "sensitive_attributes": [],
          "identity_schema_version": 0,
          "private": "eyJlMmJmYjczMC1lY2FhLTExZTYtOGY4OC0zNDM2M2JjN2M0YzAiOnsiY3JlYXRlIjozNjAwMDAwMDAwMDAwLCJkZWxldGUiOjM2MDAwMDAwMDAwMDAsInVwZGF0ZSI6MzYwMDAwMDAwMDAwMH19",
          "dependencies": [
            "aws_eks_cluster.eks",
            "aws_iam_role.eks_cluster",
            "aws_iam_role.node_group",
            "aws_iam_role_policy_attachment.node_AmazonEC2ContainerRegistryReadOnly",
            "aws_iam_role_policy_attachment.node_AmazonEKSWorkerNodePolicy",
            "aws_iam_role_policy_attachment.node_AmazonEKS_CNI_Policy",
            "aws_security_group.eks_nodes",
            "aws_subnet.private",
            "aws_subnet.public",
            "aws_vpc.this",
            "data.aws_availability_zones.available"
          ]
        }
      ]
    },
    {
      "mode": "managed",
      "type": "aws_iam_role",
      "name": "eks_cluster",
      "provider": "provider[\"registry.terraform.io/hashicorp/aws\"]",
      "instances": [
        {
          "schema_version": 0,
          "attributes": {
            "arn": "arn:aws:iam::212764686699:role/tf-eks-cluster-cluster-role",
            "assume_role_policy": "{\"Statement\":[{\"Action\":\"sts:AssumeRole\",\"Effect\":\"Allow\",\"Principal\":{\"Service\":\"eks.amazonaws.com\"}}],\"Version\":\"2012-10-17\"}",
            "create_date": "2025-10-12T09:10:45Z",
            "description": "",
            "force_detach_policies": false,
            "id": "tf-eks-cluster-cluster-role",
            "inline_policy": [],
            "managed_policy_arns": [
              "arn:aws:iam::aws:policy/AmazonEKSClusterPolicy"
            ],
            "max_session_duration": 3600,
            "name": "tf-eks-cluster-cluster-role",
            "name_prefix": "",
            "path": "/",
            "permissions_boundary": "",
            "tags": {},
            "tags_all": {},
            "unique_id": "AROATDCODPFV2ACKXAA6Y"
          },
          "sensitive_attributes": [],
          "identity_schema_version": 0,
          "identity": {
            "account_id": "212764686699",
            "name": "tf-eks-cluster-cluster-role"
          },
          "private": "bnVsbA=="
        }
      ]
    },
    {
      "mode": "managed",
      "type": "aws_iam_role",
      "name": "node_group",
      "provider": "provider[\"registry.terraform.io/hashicorp/aws\"]",
      "instances": [
        {
          "schema_version": 0,
          "attributes": {
            "arn": "arn:aws:iam::212764686699:role/tf-eks-cluster-nodegroup-role",
            "assume_role_policy": "{\"Statement\":[{\"Action\":\"sts:AssumeRole\",\"Effect\":\"Allow\",\"Principal\":{\"Service\":\"ec2.amazonaws.com\"}}],\"Version\":\"2012-10-17\"}",
            "create_date": "2025-10-12T09:10:45Z",
            "description": "",
            "force_detach_policies": false,
            "id": "tf-eks-cluster-nodegroup-role",
            "inline_policy": [],
            "managed_policy_arns": [
              "arn:aws:iam::aws:policy/AmazonEC2ContainerRegistryReadOnly",
              "arn:aws:iam::aws:policy/AmazonEKSWorkerNodePolicy",
              "arn:aws:iam::aws:policy/AmazonEKS_CNI_Policy"
            ],
            "max_session_duration": 3600,
            "name": "tf-eks-cluster-nodegroup-role",
            "name_prefix": "",
            "path": "/",
            "permissions_boundary": "",
            "tags": {},
            "tags_all": {},
            "unique_id": "AROATDCODPFVRC32CTXEN"
          },
          "sensitive_attributes": [],
          "identity_schema_version": 0,
          "identity": {
            "account_id": "212764686699",
            "name": "tf-eks-cluster-nodegroup-role"
          },
          "private": "bnVsbA=="
        }
      ]
    },
    {
      "mode": "managed",
      "type": "aws_iam_role_policy_attachment",
      "name": "eks_cluster_AmazonEKSClusterPolicy",
      "provider": "provider[\"registry.terraform.io/hashicorp/aws\"]",
      "instances": [
        {
          "schema_version": 0,
          "attributes": {
            "id": "tf-eks-cluster-cluster-role/arn:aws:iam::aws:policy/AmazonEKSClusterPolicy",
            "policy_arn": "arn:aws:iam::aws:policy/AmazonEKSClusterPolicy",
            "role": "tf-eks-cluster-cluster-role"
          },
          "sensitive_attributes": [],
          "identity_schema_version": 0,
          "identity": {
            "account_id": "212764686699",
            "policy_arn": "arn:aws:iam::aws:policy/AmazonEKSClusterPolicy",
            "role": "tf-eks-cluster-cluster-role"
          },
          "private": "bnVsbA==",
          "dependencies": [
            "aws_iam_role.eks_cluster"
          ]
        }
      ]
    },
    {
      "mode": "managed",
      "type": "aws_iam_role_policy_attachment",
      "name": "node_AmazonEC2ContainerRegistryReadOnly",
      "provider": "provider[\"registry.terraform.io/hashicorp/aws\"]",
      "instances": [
        {
          "schema_version": 0,
          "attributes": {
            "id": "tf-eks-cluster-nodegroup-role/arn:aws:iam::aws:policy/AmazonEC2ContainerRegistryReadOnly",
            "policy_arn": "arn:aws:iam::aws:policy/AmazonEC2ContainerRegistryReadOnly",
            "role": "tf-eks-cluster-nodegroup-role"
          },
          "sensitive_attributes": [],
          "identity_schema_version": 0,
          "identity": {
            "account_id": "212764686699",
            "policy_arn": "arn:aws:iam::aws:policy/AmazonEC2ContainerRegistryReadOnly",
            "role": "tf-eks-cluster-nodegroup-role"
          },
          "private": "bnVsbA==",
          "dependencies": [
            "aws_iam_role.node_group"
          ]
        }
      ]
    },
    {
      "mode": "managed",
      "type": "aws_iam_role_policy_attachment",
      "name": "node_AmazonEKSWorkerNodePolicy",
      "provider": "provider[\"registry.terraform.io/hashicorp/aws\"]",
      "instances": [
        {
          "schema_version": 0,
          "attributes": {
            "id": "tf-eks-cluster-nodegroup-role/arn:aws:iam::aws:policy/AmazonEKSWorkerNodePolicy",
            "policy_arn": "arn:aws:iam::aws:policy/AmazonEKSWorkerNodePolicy",
            "role": "tf-eks-cluster-nodegroup-role"
          },
          "sensitive_attributes": [],
          "identity_schema_version": 0,
          "identity": {
            "account_id": "212764686699",
            "policy_arn": "arn:aws:iam::aws:policy/AmazonEKSWorkerNodePolicy",
            "role": "tf-eks-cluster-nodegroup-role"
          },
          "private": "bnVsbA==",
          "dependencies": [
            "aws_iam_role.node_group"
          ]
        }
      ]
    },
    {
      "mode": "managed",
      "type": "aws_iam_role_policy_attachment",
      "name": "node_AmazonEKS_CNI_Policy",
      "provider": "provider[\"registry.terraform.io/hashicorp/aws\"]",
      "instances": [
        {
          "schema_version": 0,
          "attributes": {
            "id": "tf-eks-cluster-nodegroup-role/arn:aws:iam::aws:policy/AmazonEKS_CNI_Policy",
            "policy_arn": "arn:aws:iam::aws:policy/AmazonEKS_CNI_Policy",
            "role": "tf-eks-cluster-nodegroup-role"
          },
          "sensitive_attributes": [],
          "identity_schema_version": 0,
          "identity": {
            "account_id": "212764686699",
            "policy_arn": "arn:aws:iam::aws:policy/AmazonEKS_CNI_Policy",
            "role": "tf-eks-cluster-nodegroup-role"
          },
          "private": "bnVsbA==",
          "dependencies": [
            "aws_iam_role.node_group"
          ]
        }
      ]
    },
    {
      "mode": "managed",
      "type": "aws_internet_gateway",
      "name": "igw",
      "provider": "provider[\"registry.terraform.io/hashicorp/aws\"]",
      "instances": [
        {
          "schema_version": 0,
          "attributes": {
            "arn": "arn:aws:ec2:eu-north-1:212764686699:internet-gateway/igw-0dccfbeef0c0b330a",
            "id": "igw-0dccfbeef0c0b330a",
            "owner_id": "212764686699",
            "region": "eu-north-1",
            "tags": {
              "Name": "tf-eks-cluster-igw"
            },
            "tags_all": {
              "Name": "tf-eks-cluster-igw"
            },
            "timeouts": null,
            "vpc_id": "vpc-05e0b19a1449a3855"
          },
          "sensitive_attributes": [],
          "identity_schema_version": 0,
          "private": "eyJlMmJmYjczMC1lY2FhLTExZTYtOGY4OC0zNDM2M2JjN2M0YzAiOnsiY3JlYXRlIjoxMjAwMDAwMDAwMDAwLCJkZWxldGUiOjEyMDAwMDAwMDAwMDAsInVwZGF0ZSI6MTIwMDAwMDAwMDAwMH19",
          "dependencies": [
            "aws_vpc.this"
          ]
        }
      ]
    },
    {
      "mode": "managed",
      "type": "aws_route_table",
      "name": "public",
      "provider": "provider[\"registry.terraform.io/hashicorp/aws\"]",
      "instances": [
        {
          "schema_version": 0,
          "attributes": {
            "arn": "arn:aws:ec2:eu-north-1:212764686699:route-table/rtb-0dffcb4f88420a036",
            "id": "rtb-0dffcb4f88420a036",
            "owner_id": "212764686699",
            "propagating_vgws": [],
            "region": "eu-north-1",
            "route": [
              {
                "carrier_gateway_id": "",
                "cidr_block": "0.0.0.0/0",
                "core_network_arn": "",
                "destination_prefix_list_id": "",
                "egress_only_gateway_id": "",
                "gateway_id": "igw-0dccfbeef0c0b330a",
                "ipv6_cidr_block": "",
                "local_gateway_id": "",
                "nat_gateway_id": "",
                "network_interface_id": "",
                "transit_gateway_id": "",
                "vpc_endpoint_id": "",
                "vpc_peering_connection_id": ""
              }
            ],
            "tags": {
              "Name": "tf-eks-cluster-public-rt"
            },
            "tags_all": {
              "Name": "tf-eks-cluster-public-rt"
            },
            "timeouts": null,
            "vpc_id": "vpc-05e0b19a1449a3855"
          },
          "sensitive_attributes": [],
          "identity_schema_version": 0,
          "identity": {
            "account_id": "212764686699",
            "id": "rtb-0dffcb4f88420a036",
            "region": "eu-north-1"
          },
          "private": "eyJlMmJmYjczMC1lY2FhLTExZTYtOGY4OC0zNDM2M2JjN2M0YzAiOnsiY3JlYXRlIjozMDAwMDAwMDAwMDAsImRlbGV0ZSI6MzAwMDAwMDAwMDAwLCJ1cGRhdGUiOjEyMDAwMDAwMDAwMH19",
          "dependencies": [
            "aws_internet_gateway.igw",
            "aws_vpc.this"
          ]
        }
      ]
    },
    {
      "mode": "managed",
      "type": "aws_route_table_association",
      "name": "public_assoc",
      "provider": "provider[\"registry.terraform.io/hashicorp/aws\"]",
      "instances": [
        {
          "index_key": "10.0.0.0/24",
          "schema_version": 0,
          "attributes": {
            "gateway_id": "",
            "id": "rtbassoc-00511ce1e2848aad2",
            "region": "eu-north-1",
            "route_table_id": "rtb-0dffcb4f88420a036",
            "subnet_id": "subnet-0ab1538dc5a683f4b",
            "timeouts": null
          },
          "sensitive_attributes": [],
          "identity_schema_version": 0,
          "private": "eyJlMmJmYjczMC1lY2FhLTExZTYtOGY4OC0zNDM2M2JjN2M0YzAiOnsiY3JlYXRlIjozMDAwMDAwMDAwMDAsImRlbGV0ZSI6MzAwMDAwMDAwMDAwLCJ1cGRhdGUiOjEyMDAwMDAwMDAwMH19",
          "dependencies": [
            "aws_internet_gateway.igw",
            "aws_route_table.public",
            "aws_subnet.public",
            "aws_vpc.this",
            "data.aws_availability_zones.available"
          ]
        },
        {
          "index_key": "10.0.1.0/24",
          "schema_version": 0,
          "attributes": {
            "gateway_id": "",
            "id": "rtbassoc-0d346fc51947223ce",
            "region": "eu-north-1",
            "route_table_id": "rtb-0dffcb4f88420a036",
            "subnet_id": "subnet-003260b10d439d851",
            "timeouts": null
          },
          "sensitive_attributes": [],
          "identity_schema_version": 0,
          "private": "eyJlMmJmYjczMC1lY2FhLTExZTYtOGY4OC0zNDM2M2JjN2M0YzAiOnsiY3JlYXRlIjozMDAwMDAwMDAwMDAsImRlbGV0ZSI6MzAwMDAwMDAwMDAwLCJ1cGRhdGUiOjEyMDAwMDAwMDAwMH19",
          "dependencies": [
            "aws_internet_gateway.igw",
            "aws_route_table.public",
            "aws_subnet.public",
            "aws_vpc.this",
            "data.aws_availability_zones.available"
          ]
        }
      ]
    },
    {
      "mode": "managed",
      "type": "aws_security_group",
      "name": "eks_nodes",
      "provider": "provider[\"registry.terraform.io/hashicorp/aws\"]",
      "instances": [
        {
          "schema_version": 1,
          "attributes": {
            "arn": "arn:aws:ec2:eu-north-1:212764686699:security-group/sg-09fc10c05280cefa5",
            "description": "Security group for EKS worker nodes",
            "egress": [
              {
                "cidr_blocks": [
                  "0.0.0.0/0"
                ],
                "description": "",
                "from_port": 0,
                "ipv6_cidr_blocks": [],
                "prefix_list_ids": [],
                "protocol": "-1",
                "security_groups": [],
                "self": false,
                "to_port": 0
              }
            ],
            "id": "sg-09fc10c05280cefa5",
            "ingress": [
              {
                "cidr_blocks": [
                  "10.0.0.0/16"
                ],
                "description": "",
                "from_port": 0,
                "ipv6_cidr_blocks": [],
                "prefix_list_ids": [],
                "protocol": "-1",
                "security_groups": [],
                "self": false,
                "to_port": 0
              }
            ],
            "name": "tf-eks-cluster-nodes-sg",
            "name_prefix": "",
            "owner_id": "212764686699",
            "region": "eu-north-1",
            "revoke_rules_on_delete": false,
            "tags": {
              "Name": "tf-eks-cluster-nodes-sg"
            },
            "tags_all": {
              "Name": "tf-eks-cluster-nodes-sg"
            },
            "timeouts": null,
            "vpc_id": "vpc-05e0b19a1449a3855"
          },
          "sensitive_attributes": [],
          "identity_schema_version": 0,
          "identity": {
            "account_id": "212764686699",
            "id": "sg-09fc10c05280cefa5",
            "region": "eu-north-1"
          },
          "private": "eyJlMmJmYjczMC1lY2FhLTExZTYtOGY4OC0zNDM2M2JjN2M0YzAiOnsiY3JlYXRlIjo2MDAwMDAwMDAwMDAsImRlbGV0ZSI6OTAwMDAwMDAwMDAwfSwic2NoZW1hX3ZlcnNpb24iOiIxIn0=",
          "dependencies": [
            "aws_vpc.this"
          ]
        }
      ]
    },
    {
      "mode": "managed",
      "type": "aws_subnet",
      "name": "private",
      "provider": "provider[\"registry.terraform.io/hashicorp/aws\"]",
      "instances": [
        {
          "index_key": "10.0.100.0/24",
          "schema_version": 1,
          "attributes": {
            "arn": "arn:aws:ec2:eu-north-1:212764686699:subnet/subnet-0d03d526fb7617c5d",
            "assign_ipv6_address_on_creation": false,
            "availability_zone": "eu-north-1b",
            "availability_zone_id": "eun1-az2",
            "cidr_block": "10.0.100.0/24",
            "customer_owned_ipv4_pool": "",
            "enable_dns64": false,
            "enable_lni_at_device_index": 0,
            "enable_resource_name_dns_a_record_on_launch": false,
            "enable_resource_name_dns_aaaa_record_on_launch": false,
            "id": "subnet-0d03d526fb7617c5d",
            "ipv6_cidr_block": "",
            "ipv6_cidr_block_association_id": "",
            "ipv6_native": false,
            "map_customer_owned_ip_on_launch": false,
            "map_public_ip_on_launch": false,
            "outpost_arn": "",
            "owner_id": "212764686699",
            "private_dns_hostname_type_on_launch": "ip-name",
            "region": "eu-north-1",
            "tags": {
              "Name": "tf-eks-cluster-private-10.0.100.0/24"
            },
            "tags_all": {
              "Name": "tf-eks-cluster-private-10.0.100.0/24"
            },
            "timeouts": null,
            "vpc_id": "vpc-05e0b19a1449a3855"
          },
          "sensitive_attributes": [],
          "identity_schema_version": 0,
          "identity": {
            "account_id": "212764686699",
            "id": "subnet-0d03d526fb7617c5d",
            "region": "eu-north-1"
          },
          "private": "eyJlMmJmYjczMC1lY2FhLTExZTYtOGY4OC0zNDM2M2JjN2M0YzAiOnsiY3JlYXRlIjo2MDAwMDAwMDAwMDAsImRlbGV0ZSI6MTIwMDAwMDAwMDAwMH0sInNjaGVtYV92ZXJzaW9uIjoiMSJ9",
          "dependencies": [
            "aws_vpc.this"
          ]
        },
        {
          "index_key": "10.0.101.0/24",
          "schema_version": 1,
          "attributes": {
            "arn": "arn:aws:ec2:eu-north-1:212764686699:subnet/subnet-05d7283d5fb0833b4",
            "assign_ipv6_address_on_creation": false,
            "availability_zone": "eu-north-1b",
            "availability_zone_id": "eun1-az2",
            "cidr_block": "10.0.101.0/24",
            "customer_owned_ipv4_pool": "",
            "enable_dns64": false,
            "enable_lni_at_device_index": 0,
            "enable_resource_name_dns_a_record_on_launch": false,
            "enable_resource_name_dns_aaaa_record_on_launch": false,
            "id": "subnet-05d7283d5fb0833b4",
            "ipv6_cidr_block": "",
            "ipv6_cidr_block_association_id": "",
            "ipv6_native": false,
            "map_customer_owned_ip_on_launch": false,
            "map_public_ip_on_launch": false,
            "outpost_arn": "",
            "owner_id": "212764686699",
            "private_dns_hostname_type_on_launch": "ip-name",
            "region": "eu-north-1",
            "tags": {
              "Name": "tf-eks-cluster-private-10.0.101.0/24"
            },
            "tags_all": {
              "Name": "tf-eks-cluster-private-10.0.101.0/24"
            },
            "timeouts": null,
            "vpc_id": "vpc-05e0b19a1449a3855"
          },
          "sensitive_attributes": [],
          "identity_schema_version": 0,
          "identity": {
            "account_id": "212764686699",
            "id": "subnet-05d7283d5fb0833b4",
            "region": "eu-north-1"
          },
          "private": "eyJlMmJmYjczMC1lY2FhLTExZTYtOGY4OC0zNDM2M2JjN2M0YzAiOnsiY3JlYXRlIjo2MDAwMDAwMDAwMDAsImRlbGV0ZSI6MTIwMDAwMDAwMDAwMH0sInNjaGVtYV92ZXJzaW9uIjoiMSJ9",
          "dependencies": [
            "aws_vpc.this"
          ]
        }
      ]
    },
    {
      "mode": "managed",
      "type": "aws_subnet",
      "name": "public",
      "provider": "provider[\"registry.terraform.io/hashicorp/aws\"]",
      "instances": [
        {
          "index_key": "10.0.0.0/24",
          "schema_version": 1,
          "attributes": {
            "arn": "arn:aws:ec2:eu-north-1:212764686699:subnet/subnet-0ab1538dc5a683f4b",
            "assign_ipv6_address_on_creation": false,
            "availability_zone": "eu-north-1a",
            "availability_zone_id": "eun1-az1",
            "cidr_block": "10.0.0.0/24",
            "customer_owned_ipv4_pool": "",
            "enable_dns64": false,
            "enable_lni_at_device_index": 0,
            "enable_resource_name_dns_a_record_on_launch": false,
            "enable_resource_name_dns_aaaa_record_on_launch": false,
            "id": "subnet-0ab1538dc5a683f4b",
            "ipv6_cidr_block": "",
            "ipv6_cidr_block_association_id": "",
            "ipv6_native": false,
            "map_customer_owned_ip_on_launch": false,
            "map_public_ip_on_launch": true,
            "outpost_arn": "",
            "owner_id": "212764686699",
            "private_dns_hostname_type_on_launch": "ip-name",
            "region": "eu-north-1",
            "tags": {
              "Name": "tf-eks-cluster-public-10.0.0.0/24"
            },
            "tags_all": {
              "Name": "tf-eks-cluster-public-10.0.0.0/24"
            },
            "timeouts": null,
            "vpc_id": "vpc-05e0b19a1449a3855"
          },
          "sensitive_attributes": [],
          "identity_schema_version": 0,
          "identity": {
            "account_id": "212764686699",
            "id": "subnet-0ab1538dc5a683f4b",
            "region": "eu-north-1"
          },
          "private": "eyJlMmJmYjczMC1lY2FhLTExZTYtOGY4OC0zNDM2M2JjN2M0YzAiOnsiY3JlYXRlIjo2MDAwMDAwMDAwMDAsImRlbGV0ZSI6MTIwMDAwMDAwMDAwMH0sInNjaGVtYV92ZXJzaW9uIjoiMSJ9",
          "dependencies": [
            "aws_vpc.this",
            "data.aws_availability_zones.available"
          ]
        },
        {
          "index_key": "10.0.1.0/24",
          "schema_version": 1,
          "attributes": {
            "arn": "arn:aws:ec2:eu-north-1:212764686699:subnet/subnet-003260b10d439d851",
            "assign_ipv6_address_on_creation": false,
            "availability_zone": "eu-north-1a",
            "availability_zone_id": "eun1-az1",
            "cidr_block": "10.0.1.0/24",
            "customer_owned_ipv4_pool": "",
            "enable_dns64": false,
            "enable_lni_at_device_index": 0,
            "enable_resource_name_dns_a_record_on_launch": false,
            "enable_resource_name_dns_aaaa_record_on_launch": false,
            "id": "subnet-003260b10d439d851",
            "ipv6_cidr_block": "",
            "ipv6_cidr_block_association_id": "",
            "ipv6_native": false,
            "map_customer_owned_ip_on_launch": false,
            "map_public_ip_on_launch": true,
            "outpost_arn": "",
            "owner_id": "212764686699",
            "private_dns_hostname_type_on_launch": "ip-name",
            "region": "eu-north-1",
            "tags": {
              "Name": "tf-eks-cluster-public-10.0.1.0/24"
            },
            "tags_all": {
              "Name": "tf-eks-cluster-public-10.0.1.0/24"
            },
            "timeouts": null,
            "vpc_id": "vpc-05e0b19a1449a3855"
          },
          "sensitive_attributes": [],
          "identity_schema_version": 0,
          "identity": {
            "account_id": "212764686699",
            "id": "subnet-003260b10d439d851",
            "region": "eu-north-1"
          },
          "private": "eyJlMmJmYjczMC1lY2FhLTExZTYtOGY4OC0zNDM2M2JjN2M0YzAiOnsiY3JlYXRlIjo2MDAwMDAwMDAwMDAsImRlbGV0ZSI6MTIwMDAwMDAwMDAwMH0sInNjaGVtYV92ZXJzaW9uIjoiMSJ9",
          "dependencies": [
            "aws_vpc.this",
            "data.aws_availability_zones.available"
          ]
        }
      ]
    },
    {
      "mode": "managed",
      "type": "aws_vpc",
      "name": "this",
      "provider": "provider[\"registry.terraform.io/hashicorp/aws\"]",
      "instances": [
        {
          "schema_version": 1,
          "attributes": {
            "arn": "arn:aws:ec2:eu-north-1:212764686699:vpc/vpc-05e0b19a1449a3855",
            "assign_generated_ipv6_cidr_block": false,
            "cidr_block": "10.0.0.0/16",
            "default_network_acl_id": "acl-0e8b75360019db965",
            "default_route_table_id": "rtb-0125c041fa87504c2",
            "default_security_group_id": "sg-06e560e37fb872707",
            "dhcp_options_id": "dopt-0ff56641f87a3ed27",
            "enable_dns_hostnames": false,
            "enable_dns_support": true,
            "enable_network_address_usage_metrics": false,
            "id": "vpc-05e0b19a1449a3855",
            "instance_tenancy": "default",
            "ipv4_ipam_pool_id": null,
            "ipv4_netmask_length": null,
            "ipv6_association_id": "",
            "ipv6_cidr_block": "",
            "ipv6_cidr_block_network_border_group": "",
            "ipv6_ipam_pool_id": "",
            "ipv6_netmask_length": 0,
            "main_route_table_id": "rtb-0125c041fa87504c2",
            "owner_id": "212764686699",
            "region": "eu-north-1",
            "tags": {
              "Name": "tf-eks-cluster-vpc"
            },
            "tags_all": {
              "Name": "tf-eks-cluster-vpc"
            }
          },
          "sensitive_attributes": [],
          "identity_schema_version": 0,
          "private": "eyJzY2hlbWFfdmVyc2lvbiI6IjEifQ=="
        }
      ]
    },
    {
      "mode": "managed",
      "type": "null_resource",
      "name": "configure_kubectl",
      "provider": "provider[\"registry.terraform.io/hashicorp/null\"]",
      "instances": [
        {
          "schema_version": 0,
          "attributes": {
            "id": "1904372433806361448",
            "triggers": null
          },
          "sensitive_attributes": [],
          "identity_schema_version": 0,
          "dependencies": [
            "aws_eks_cluster.eks",
            "aws_eks_node_group.default",
            "aws_iam_role.eks_cluster",
            "aws_iam_role.node_group",
            "aws_iam_role_policy_attachment.node_AmazonEC2ContainerRegistryReadOnly",
            "aws_iam_role_policy_attachment.node_AmazonEKSWorkerNodePolicy",
            "aws_iam_role_policy_attachment.node_AmazonEKS_CNI_Policy",
            "aws_security_group.eks_nodes",
            "aws_subnet.private",
            "aws_subnet.public",
            "aws_vpc.this",
            "data.aws_availability_zones.available",
            "null_resource.install_kubectl"
          ]
        }
      ]
    },
    {
      "mode": "managed",
      "type": "null_resource",
      "name": "install_kubectl",
      "provider": "provider[\"registry.terraform.io/hashicorp/null\"]",
      "instances": [
        {
          "schema_version": 0,
          "attributes": {
            "id": "2292756554071840911",
            "triggers": null
          },
          "sensitive_attributes": [],
          "identity_schema_version": 0
        }
      ]
    }
  ],
  "check_results": null
}
